<?xml version="1.0" encoding="utf-8"?>
<Project ToolsVersion="4.0" xmlns="http://schemas.microsoft.com/developer/msbuild/2003">
  <ItemGroup>
    <Filter Include="Source Files">
      <UniqueIdentifier>{4FC737F1-C7A5-4376-A066-2A32D752A2FF}</UniqueIdentifier>
      <Extensions>cpp;c;cc;cxx;def;odl;idl;hpj;bat;asm;asmx</Extensions>
    </Filter>
    <Filter Include="Header Files">
      <UniqueIdentifier>{93995380-89BD-4b04-88EB-625FBE52EBFB}</UniqueIdentifier>
      <Extensions>h;hh;hpp;hxx;hm;inl;inc;xsd</Extensions>
    </Filter>
    <Filter Include="Resource Files">
      <UniqueIdentifier>{67DA6AB6-F800-4c08-8B7A-83BB121AAD01}</UniqueIdentifier>
      <Extensions>rc;ico;cur;bmp;dlg;rc2;rct;bin;rgs;gif;jpg;jpeg;jpe;resx;tiff;tif;png;wav;mfcribbon-ms</Extensions>
    </Filter>
  </ItemGroup>
  <ItemGroup>
    <None Include="brewpi-esp8266.ino" />
  </ItemGroup>
  <ItemGroup>
    <ClInclude Include="__vm\.brewpi-esp8266.vsarduino.h">
      <Filter>Header Files</Filter>
    </ClInclude>
    <ClInclude Include="Ticks.h">
      <Filter>Header Files</Filter>
    </ClInclude>
    <ClInclude Include="Version.h">
      <Filter>Header Files</Filter>
    </ClInclude>
    <ClInclude Include="ActuatorAutoOff.h">
      <Filter>Header Files</Filter>
    </ClInclude>
    <ClInclude Include="ArduinoEepromAccess.h">
      <Filter>Header Files</Filter>
    </ClInclude>
    <ClInclude Include="Brewpi.h">
      <Filter>Header Files</Filter>
    </ClInclude>
    <ClInclude Include="BrewpiStrings.h">
      <Filter>Header Files</Filter>
    </ClInclude>
    <ClInclude Include="Buzzer.h">
      <Filter>Header Files</Filter>
    </ClInclude>
    <ClInclude Include="Config.h">
      <Filter>Header Files</Filter>
    </ClInclude>
    <ClInclude Include="ConfigDefault.h">
      <Filter>Header Files</Filter>
    </ClInclude>
    <ClInclude Include="DallasTemperature.h">
      <Filter>Header Files</Filter>
    </ClInclude>
    <ClInclude Include="DeviceManager.h">
      <Filter>Header Files</Filter>
    </ClInclude>
    <ClInclude Include="Display.h">
      <Filter>Header Files</Filter>
    </ClInclude>
    <ClInclude Include="DisplayBase.h">
      <Filter>Header Files</Filter>
    </ClInclude>
    <ClInclude Include="DisplayLcd.h">
      <Filter>Header Files</Filter>
    </ClInclude>
    <ClInclude Include="DS2413.h">
      <Filter>Header Files</Filter>
    </ClInclude>
    <ClInclude Include="EepromAccess.h">
      <Filter>Header Files</Filter>
    </ClInclude>
    <ClInclude Include="EepromFormat.h">
      <Filter>Header Files</Filter>
    </ClInclude>
    <ClInclude Include="EepromManager.h">
      <Filter>Header Files</Filter>
    </ClInclude>
    <ClInclude Include="EepromTypes.h">
      <Filter>Header Files</Filter>
    </ClInclude>
    <ClInclude Include="ESPEepromAccess.h">
      <Filter>Header Files</Filter>
    </ClInclude>
    <ClInclude Include="FastDigitalPin.h">
      <Filter>Header Files</Filter>
    </ClInclude>
    <ClInclude Include="FilterCascaded.h">
      <Filter>Header Files</Filter>
    </ClInclude>
    <ClInclude Include="FilterFixed.h">
      <Filter>Header Files</Filter>
    </ClInclude>
    <ClInclude Include="JsonKeys.h">
      <Filter>Header Files</Filter>
    </ClInclude>
    <ClInclude Include="Logger.h">
      <Filter>Header Files</Filter>
    </ClInclude>
    <ClInclude Include="LogMessages.h">
      <Filter>Header Files</Filter>
    </ClInclude>
    <ClInclude Include="Menu.h">
      <Filter>Header Files</Filter>
    </ClInclude>
    <ClInclude Include="NullLcdDriver.h">
      <Filter>Header Files</Filter>
    </ClInclude>
    <ClInclude Include="OLEDFourBit.h">
      <Filter>Header Files</Filter>
    </ClInclude>
    <ClInclude Include="OneWireTempSensor.h">
      <Filter>Header Files</Filter>
    </ClInclude>
    <ClInclude Include="PiLink.h">
      <Filter>Header Files</Filter>
    </ClInclude>
    <ClInclude Include="Pins.h">
      <Filter>Header Files</Filter>
    </ClInclude>
    <ClInclude Include="RotaryEncoder.h">
      <Filter>Header Files</Filter>
    </ClInclude>
    <ClInclude Include="Sensor.h">
      <Filter>Header Files</Filter>
    </ClInclude>
    <ClInclude Include="SensorArduinoPin.h">
      <Filter>Header Files</Filter>
    </ClInclude>
    <ClInclude Include="SettingsManager.h">
      <Filter>Header Files</Filter>
    </ClInclude>
    <ClInclude Include="SpiLcd.h">
      <Filter>Header Files</Filter>
    </ClInclude>
    <ClInclude Include="TempControl.h">
      <Filter>Header Files</Filter>
    </ClInclude>
    <ClInclude Include="TemperatureFormats.h">
      <Filter>Header Files</Filter>
    </ClInclude>
    <ClInclude Include="TempSensor.h">
      <Filter>Header Files</Filter>
    </ClInclude>
    <ClInclude Include="TempSensorBasic.h">
      <Filter>Header Files</Filter>
    </ClInclude>
    <ClInclude Include="TempSensorDisconnected.h">
      <Filter>Header Files</Filter>
    </ClInclude>
    <ClInclude Include="TempSensorExternal.h">
      <Filter>Header Files</Filter>
    </ClInclude>
    <ClInclude Include="TempSensorMock.h">
      <Filter>Header Files</Filter>
    </ClInclude>
    <ClInclude Include="ESP8266mDNS.h">
      <Filter>Header Files</Filter>
    </ClInclude>
    <ClInclude Include="EepromStructs.h">
      <Filter>Header Files</Filter>
    </ClInclude>
    <ClInclude Include="IicLcd.h">
      <Filter>Header Files</Filter>
    </ClInclude>
    <ClInclude Include="ModeControl.h">
      <Filter>Header Files</Filter>
    </ClInclude>
    <ClInclude Include="Platform.h">
      <Filter>Header Files</Filter>
    </ClInclude>
    <ClInclude Include="fixed_point.h">
      <Filter>Header Files</Filter>
    </ClInclude>
    <ClInclude Include="fixstl.h">
      <Filter>Header Files</Filter>
    </ClInclude>
    <ClInclude Include="str_functions.h">
      <Filter>Header Files</Filter>
    </ClInclude>
    <ClInclude Include="Control.h">
      <Filter>Header Files</Filter>
    </ClInclude>
    <ClInclude Include="Pid.h">
      <Filter>Header Files</Filter>
    </ClInclude>
    <ClInclude Include="ActuatorInterfaces.h">
      <Filter>Header Files</Filter>
    </ClInclude>
    <ClInclude Include="ControllerMixins.h">
      <Filter>Header Files</Filter>
    </ClInclude>
    <ClInclude Include="json_adapter.h">
      <Filter>Header Files</Filter>
    </ClInclude>
    <ClInclude Include="json_lexer.h">
      <Filter>Header Files</Filter>
    </ClInclude>
    <ClInclude Include="stringer.h">
      <Filter>Header Files</Filter>
    </ClInclude>
    <ClInclude Include="platform_selector.h">
      <Filter>Header Files</Filter>
    </ClInclude>
    <ClInclude Include="json_ex.h">
      <Filter>Header Files</Filter>
    </ClInclude>
    <ClInclude Include="convert.h">
      <Filter>Header Files</Filter>
    </ClInclude>
    <ClInclude Include="TempSensorFallback.h">
      <Filter>Header Files</Filter>
    </ClInclude>
    <ClInclude Include="defaultDevices.h">
      <Filter>Header Files</Filter>
    </ClInclude>
    <ClInclude Include="ActuatorMocks.h">
      <Filter>Header Files</Filter>
    </ClInclude>
    <ClInclude Include="SetPoint.h">
      <Filter>Header Files</Filter>
    </ClInclude>
    <ClInclude Include="ActuatorTimeLimited.h">
      <Filter>Header Files</Filter>
    </ClInclude>
    <ClInclude Include="ActuatorForwarder.h">
      <Filter>Header Files</Filter>
    </ClInclude>
    <ClInclude Include="TicksImpl.h">
      <Filter>Header Files</Filter>
    </ClInclude>
    <ClInclude Include="TicksWiring.h">
      <Filter>Header Files</Filter>
    </ClInclude>
    <ClInclude Include="ActuatorSetPoint.h">
      <Filter>Header Files</Filter>
    </ClInclude>
    <ClInclude Include="ActuatorPwm.h">
      <Filter>Header Files</Filter>
    </ClInclude>
    <ClInclude Include="ActuatorMutexDriver.h">
      <Filter>Header Files</Filter>
    </ClInclude>
    <ClInclude Include="ActuatorMutexGroup.h">
      <Filter>Header Files</Filter>
    </ClInclude>
    <ClInclude Include="ActuatorPin.h">
      <Filter>Header Files</Filter>
    </ClInclude>
    <ClInclude Include="ActuatorOneWire.h">
      <Filter>Header Files</Filter>
    </ClInclude>
    <ClInclude Include="OneWireSwitch.h">
      <Filter>Header Files</Filter>
    </ClInclude>
    <ClInclude Include="OneWireAddress.h">
      <Filter>Header Files</Filter>
    </ClInclude>
    <ClInclude Include="ValveController.h">
      <Filter>Header Files</Filter>
    </ClInclude>
    <ClInclude Include="DS2408.h">
      <Filter>Header Files</Filter>
    </ClInclude>
    <ClInclude Include="Nameable.h">
      <Filter>Header Files</Filter>
    </ClInclude>
    <ClInclude Include="ActuatorInstallHelper.h">
      <Filter>Header Files</Filter>
    </ClInclude>
    <ClInclude Include="json_writer.h">
      <Filter>Header Files</Filter>
    </ClInclude>
    <ClInclude Include="DisplayLcdImpl.h">
      <Filter>Header Files</Filter>
    </ClInclude>
    <ClInclude Include="Board.h">
      <Filter>Header Files</Filter>
    </ClInclude>
    <ClInclude Include="TicksDeclaration.h">
      <Filter>Header Files</Filter>
    </ClInclude>
    <ClInclude Include="PiLinkHandlers.h">
      <Filter>Header Files</Filter>
    </ClInclude>
    <ClInclude Include="UI.h">
      <Filter>Header Files</Filter>
    </ClInclude>
    <ClInclude Include="EepromAccessImpl.h">
      <Filter>Header Files</Filter>
    </ClInclude>
    <ClInclude Include="SensorPin.h">
      <Filter>Header Files</Filter>
    </ClInclude>
    <ClInclude Include="Arduino.h">
      <Filter>Header Files</Filter>
    </ClInclude>
    <ClInclude Include="AppConfig.h">
      <Filter>Header Files</Filter>
    </ClInclude>
    <ClInclude Include="AppConfigDefault.h">
      <Filter>Header Files</Filter>
    </ClInclude>
    <ClInclude Include="OneWirePin.h">
      <Filter>Header Files</Filter>
    </ClInclude>
  </ItemGroup>
  <ItemGroup>
    <ClCompile Include="Menu.cpp">
      <Filter>Source Files</Filter>
    </ClCompile>
    <ClCompile Include="NullLcdDriver.cpp">
      <Filter>Source Files</Filter>
    </ClCompile>
    <ClCompile Include="OLEDFourBit.cpp">
      <Filter>Source Files</Filter>
    </ClCompile>
    <ClCompile Include="OneWireTempSensor.cpp">
      <Filter>Source Files</Filter>
    </ClCompile>
    <ClCompile Include="PiLink.cpp">
      <Filter>Source Files</Filter>
    </ClCompile>
    <ClCompile Include="RotaryEncoder.cpp">
      <Filter>Source Files</Filter>
    </ClCompile>
    <ClCompile Include="SettingsManager.cpp">
      <Filter>Source Files</Filter>
    </ClCompile>
    <ClCompile Include="SpiLcd.cpp">
      <Filter>Source Files</Filter>
    </ClCompile>
    <ClCompile Include="TempControl.cpp">
      <Filter>Source Files</Filter>
    </ClCompile>
    <ClCompile Include="TemperatureFormats.cpp">
      <Filter>Source Files</Filter>
    </ClCompile>
    <ClCompile Include="Brewpi.cpp">
      <Filter>Source Files</Filter>
    </ClCompile>
    <ClCompile Include="BrewpiStrings.cpp">
      <Filter>Source Files</Filter>
    </ClCompile>
    <ClCompile Include="Buzzer.cpp">
      <Filter>Source Files</Filter>
    </ClCompile>
    <ClCompile Include="DallasTemperature.cpp">
      <Filter>Source Files</Filter>
    </ClCompile>
    <ClCompile Include="DeviceManager.cpp">
      <Filter>Source Files</Filter>
    </ClCompile>
    <ClCompile Include="Display.cpp">
      <Filter>Source Files</Filter>
    </ClCompile>
    <ClCompile Include="DisplayLcd.cpp">
      <Filter>Source Files</Filter>
    </ClCompile>
    <ClCompile Include="DS2413.cpp">
      <Filter>Source Files</Filter>
    </ClCompile>
    <ClCompile Include="EepromManager.cpp">
      <Filter>Source Files</Filter>
    </ClCompile>
    <ClCompile Include="FilterCascaded.cpp">
      <Filter>Source Files</Filter>
    </ClCompile>
    <ClCompile Include="FilterFixed.cpp">
      <Filter>Source Files</Filter>
    </ClCompile>
    <ClCompile Include="Logger.cpp">
      <Filter>Source Files</Filter>
    </ClCompile>
    <ClCompile Include="ESP8266mDNS.cpp">
      <Filter>Source Files</Filter>
    </ClCompile>
    <ClCompile Include="IicLcd.cpp">
      <Filter>Source Files</Filter>
    </ClCompile>
    <ClCompile Include="Control.cpp">
      <Filter>Source Files</Filter>
    </ClCompile>
    <ClCompile Include="Pid.cpp">
      <Filter>Source Files</Filter>
    </ClCompile>
    <ClCompile Include="ControllerMixins.cpp">
      <Filter>Source Files</Filter>
    </ClCompile>
    <ClCompile Include="TempSensorFallback.cpp">
      <Filter>Source Files</Filter>
    </ClCompile>
    <ClCompile Include="defaultDevices.cpp">
      <Filter>Source Files</Filter>
    </ClCompile>
    <ClCompile Include="SetPoint.cpp">
      <Filter>Source Files</Filter>
    </ClCompile>
    <ClCompile Include="ActuatorTimeLimited.cpp">
      <Filter>Source Files</Filter>
    </ClCompile>
    <ClCompile Include="TicksWiring.cpp">
      <Filter>Source Files</Filter>
    </ClCompile>
    <ClCompile Include="ActuatorPwm.cpp">
      <Filter>Source Files</Filter>
    </ClCompile>
    <ClCompile Include="ActuatorMutexGroup.cpp">
      <Filter>Source Files</Filter>
    </ClCompile>
    <ClCompile Include="ActuatorPin.cpp">
      <Filter>Source Files</Filter>
    </ClCompile>
    <ClCompile Include="OneWireSwitch.cpp">
      <Filter>Source Files</Filter>
    </ClCompile>
    <ClCompile Include="OneWireAddress.cpp">
      <Filter>Source Files</Filter>
    </ClCompile>
    <ClCompile Include="ValveController.cpp">
      <Filter>Source Files</Filter>
    </ClCompile>
    <ClCompile Include="DS2408.cpp">
      <Filter>Source Files</Filter>
    </ClCompile>
    <ClCompile Include="ActuatorInstallHelper.cpp">
      <Filter>Source Files</Filter>
    </ClCompile>
    <ClCompile Include="RotaryEncoderBase.cpp">
      <Filter>Source Files</Filter>
    </ClCompile>
    <ClCompile Include="Platform.cpp">
      <Filter>Source Files</Filter>
    </ClCompile>
    <ClCompile Include="UI.cpp">
      <Filter>Source Files</Filter>
    </ClCompile>
    <ClCompile Include="Board.cpp">
      <Filter>Source Files</Filter>
    </ClCompile>
    <ClCompile Include="str_functions.cpp">
      <Filter>Source Files</Filter>
    </ClCompile>
    <ClCompile Include="OneWirePin.cpp">
      <Filter>Source Files</Filter>
    </ClCompile>
  </ItemGroup>
</Project>