<?xml version="1.0" encoding="utf-8"?>
<Project ToolsVersion="4.0" xmlns="http://schemas.microsoft.com/developer/msbuild/2003">
  <ItemGroup>
    <Filter Include="Source Files">
      <UniqueIdentifier>{4FC737F1-C7A5-4376-A066-2A32D752A2FF}</UniqueIdentifier>
      <Extensions>cpp;c;cc;cxx;def;odl;idl;hpj;bat;asm;asmx</Extensions>
    </Filter>
    <Filter Include="Header Files">
      <UniqueIdentifier>{93995380-89BD-4b04-88EB-625FBE52EBFB}</UniqueIdentifier>
      <Extensions>h;hh;hpp;hxx;hm;inl;inc;xsd</Extensions>
    </Filter>
    <Filter Include="Resource Files">
      <UniqueIdentifier>{67DA6AB6-F800-4c08-8B7A-83BB121AAD01}</UniqueIdentifier>
      <Extensions>rc;ico;cur;bmp;dlg;rc2;rct;bin;rgs;gif;jpg;jpeg;jpe;resx;tiff;tif;png;wav;mfcribbon-ms</Extensions>
    </Filter>
  </ItemGroup>
  <ItemGroup>
    <None Include="brewpi-esp8266.ino" />
  </ItemGroup>
  <ItemGroup>
    <ClInclude Include="__vm\.brewpi-esp8266.vsarduino.h">
      <Filter>Header Files</Filter>
    </ClInclude>
    <ClInclude Include="Ticks.h">
      <Filter>Header Files</Filter>
    </ClInclude>
    <ClInclude Include="TicksArduino.h">
      <Filter>Header Files</Filter>
    </ClInclude>
    <ClInclude Include="Version.h">
      <Filter>Header Files</Filter>
    </ClInclude>
    <ClInclude Include="Actuator.h">
      <Filter>Header Files</Filter>
    </ClInclude>
    <ClInclude Include="ActuatorArduinoPin.h">
      <Filter>Header Files</Filter>
    </ClInclude>
    <ClInclude Include="ActuatorAutoOff.h">
      <Filter>Header Files</Filter>
    </ClInclude>
    <ClInclude Include="ArduinoEepromAccess.h">
      <Filter>Header Files</Filter>
    </ClInclude>
    <ClInclude Include="Brewpi.h">
      <Filter>Header Files</Filter>
    </ClInclude>
    <ClInclude Include="BrewpiStrings.h">
      <Filter>Header Files</Filter>
    </ClInclude>
    <ClInclude Include="Buzzer.h">
      <Filter>Header Files</Filter>
    </ClInclude>
    <ClInclude Include="Config.h">
      <Filter>Header Files</Filter>
    </ClInclude>
    <ClInclude Include="ConfigDefault.h">
      <Filter>Header Files</Filter>
    </ClInclude>
    <ClInclude Include="DallasTemperature.h">
      <Filter>Header Files</Filter>
    </ClInclude>
    <ClInclude Include="DeviceManager.h">
      <Filter>Header Files</Filter>
    </ClInclude>
    <ClInclude Include="Display.h">
      <Filter>Header Files</Filter>
    </ClInclude>
    <ClInclude Include="DisplayBase.h">
      <Filter>Header Files</Filter>
    </ClInclude>
    <ClInclude Include="DisplayLcd.h">
      <Filter>Header Files</Filter>
    </ClInclude>
    <ClInclude Include="DS2413.h">
      <Filter>Header Files</Filter>
    </ClInclude>
    <ClInclude Include="EepromAccess.h">
      <Filter>Header Files</Filter>
    </ClInclude>
    <ClInclude Include="EepromFormat.h">
      <Filter>Header Files</Filter>
    </ClInclude>
    <ClInclude Include="EepromManager.h">
      <Filter>Header Files</Filter>
    </ClInclude>
    <ClInclude Include="EepromTypes.h">
      <Filter>Header Files</Filter>
    </ClInclude>
    <ClInclude Include="ESPEepromAccess.h">
      <Filter>Header Files</Filter>
    </ClInclude>
    <ClInclude Include="FastDigitalPin.h">
      <Filter>Header Files</Filter>
    </ClInclude>
    <ClInclude Include="FilterCascaded.h">
      <Filter>Header Files</Filter>
    </ClInclude>
    <ClInclude Include="FilterFixed.h">
      <Filter>Header Files</Filter>
    </ClInclude>
    <ClInclude Include="JsonKeys.h">
      <Filter>Header Files</Filter>
    </ClInclude>
    <ClInclude Include="Logger.h">
      <Filter>Header Files</Filter>
    </ClInclude>
    <ClInclude Include="LogMessages.h">
      <Filter>Header Files</Filter>
    </ClInclude>
    <ClInclude Include="Menu.h">
      <Filter>Header Files</Filter>
    </ClInclude>
    <ClInclude Include="NullLcdDriver.h">
      <Filter>Header Files</Filter>
    </ClInclude>
    <ClInclude Include="OLEDFourBit.h">
      <Filter>Header Files</Filter>
    </ClInclude>
    <ClInclude Include="OneWireActuator.h">
      <Filter>Header Files</Filter>
    </ClInclude>
    <ClInclude Include="OneWireDevices.h">
      <Filter>Header Files</Filter>
    </ClInclude>
    <ClInclude Include="OneWireTempSensor.h">
      <Filter>Header Files</Filter>
    </ClInclude>
    <ClInclude Include="PiLink.h">
      <Filter>Header Files</Filter>
    </ClInclude>
    <ClInclude Include="Pins.h">
      <Filter>Header Files</Filter>
    </ClInclude>
    <ClInclude Include="RotaryEncoder.h">
      <Filter>Header Files</Filter>
    </ClInclude>
    <ClInclude Include="Sensor.h">
      <Filter>Header Files</Filter>
    </ClInclude>
    <ClInclude Include="SensorArduinoPin.h">
      <Filter>Header Files</Filter>
    </ClInclude>
    <ClInclude Include="SettingsManager.h">
      <Filter>Header Files</Filter>
    </ClInclude>
    <ClInclude Include="Simulator.h">
      <Filter>Header Files</Filter>
    </ClInclude>
    <ClInclude Include="SpiLcd.h">
      <Filter>Header Files</Filter>
    </ClInclude>
    <ClInclude Include="TempControl.h">
      <Filter>Header Files</Filter>
    </ClInclude>
    <ClInclude Include="TemperatureFormats.h">
      <Filter>Header Files</Filter>
    </ClInclude>
    <ClInclude Include="TempSensor.h">
      <Filter>Header Files</Filter>
    </ClInclude>
    <ClInclude Include="TempSensorBasic.h">
      <Filter>Header Files</Filter>
    </ClInclude>
    <ClInclude Include="TempSensorDisconnected.h">
      <Filter>Header Files</Filter>
    </ClInclude>
    <ClInclude Include="TempSensorExternal.h">
      <Filter>Header Files</Filter>
    </ClInclude>
    <ClInclude Include="TempSensorMock.h">
      <Filter>Header Files</Filter>
    </ClInclude>
    <ClInclude Include="ESP8266mDNS.h">
      <Filter>Header Files</Filter>
    </ClInclude>
    <ClInclude Include="EepromStructs.h">
      <Filter>Header Files</Filter>
    </ClInclude>
  </ItemGroup>
  <ItemGroup>
    <ClCompile Include="Menu.cpp">
      <Filter>Source Files</Filter>
    </ClCompile>
    <ClCompile Include="NullLcdDriver.cpp">
      <Filter>Source Files</Filter>
    </ClCompile>
    <ClCompile Include="OLEDFourBit.cpp">
      <Filter>Source Files</Filter>
    </ClCompile>
    <ClCompile Include="OneWireTempSensor.cpp">
      <Filter>Source Files</Filter>
    </ClCompile>
    <ClCompile Include="PiLink.cpp">
      <Filter>Source Files</Filter>
    </ClCompile>
    <ClCompile Include="Random.cpp">
      <Filter>Source Files</Filter>
    </ClCompile>
    <ClCompile Include="RotaryEncoder.cpp">
      <Filter>Source Files</Filter>
    </ClCompile>
    <ClCompile Include="Sensor.cpp">
      <Filter>Source Files</Filter>
    </ClCompile>
    <ClCompile Include="SettingsManager.cpp">
      <Filter>Source Files</Filter>
    </ClCompile>
    <ClCompile Include="Simulator.cpp">
      <Filter>Source Files</Filter>
    </ClCompile>
    <ClCompile Include="SpiLcd.cpp">
      <Filter>Source Files</Filter>
    </ClCompile>
    <ClCompile Include="TempControl.cpp">
      <Filter>Source Files</Filter>
    </ClCompile>
    <ClCompile Include="TemperatureFormats.cpp">
      <Filter>Source Files</Filter>
    </ClCompile>
    <ClCompile Include="TempSensor.cpp">
      <Filter>Source Files</Filter>
    </ClCompile>
    <ClCompile Include="Ticks.cpp">
      <Filter>Source Files</Filter>
    </ClCompile>
    <ClCompile Include="Actuator.cpp">
      <Filter>Source Files</Filter>
    </ClCompile>
    <ClCompile Include="ActuatorArduinoPin.cpp">
      <Filter>Source Files</Filter>
    </ClCompile>
    <ClCompile Include="ArduinoFunctions.cpp">
      <Filter>Source Files</Filter>
    </ClCompile>
    <ClCompile Include="Brewpi.cpp">
      <Filter>Source Files</Filter>
    </ClCompile>
    <ClCompile Include="BrewpiStrings.cpp">
      <Filter>Source Files</Filter>
    </ClCompile>
    <ClCompile Include="Buzzer.cpp">
      <Filter>Source Files</Filter>
    </ClCompile>
    <ClCompile Include="DallasTemperature.cpp">
      <Filter>Source Files</Filter>
    </ClCompile>
    <ClCompile Include="DeviceManager.cpp">
      <Filter>Source Files</Filter>
    </ClCompile>
    <ClCompile Include="Display.cpp">
      <Filter>Source Files</Filter>
    </ClCompile>
    <ClCompile Include="DisplayLcd.cpp">
      <Filter>Source Files</Filter>
    </ClCompile>
    <ClCompile Include="DS2413.cpp">
      <Filter>Source Files</Filter>
    </ClCompile>
    <ClCompile Include="EepromManager.cpp">
      <Filter>Source Files</Filter>
    </ClCompile>
    <ClCompile Include="FilterCascaded.cpp">
      <Filter>Source Files</Filter>
    </ClCompile>
    <ClCompile Include="FilterFixed.cpp">
      <Filter>Source Files</Filter>
    </ClCompile>
    <ClCompile Include="Logger.cpp">
      <Filter>Source Files</Filter>
    </ClCompile>
    <ClCompile Include="ESP8266mDNS.cpp">
      <Filter>Source Files</Filter>
    </ClCompile>
  </ItemGroup>
</Project>